
Microsoft Visual Studio Solution File, Format Version 12.00
# Visual Studio Version 17
VisualStudioVersion = 17.5.33516.290
MinimumVisualStudioVersion = 10.0.40219.1
Project("{FAE04EC0-301F-11D3-BF4B-00C04F79EFBC}") = "trabalho", "trabalho.csproj", "{E91F9D32-C01B-4D69-A95E-5E9D9C4BB091}"
EndProject
Global
	GlobalSection(SolutionConfigurationPlatforms) = preSolution
		Debug|Any CPU = Debug|Any CPU
		Release|Any CPU = Release|Any CPU
	EndGlobalSection
	GlobalSection(ProjectConfigurationPlatforms) = postSolution
		{E91F9D32-C01B-4D69-A95E-5E9D9C4BB091}.Debug|Any CPU.ActiveCfg = Debug|Any CPU
		{E91F9D32-C01B-4D69-A95E-5E9D9C4BB091}.Debug|Any CPU.Build.0 = Debug|Any CPU
		{E91F9D32-C01B-4D69-A95E-5E9D9C4BB091}.Release|Any CPU.ActiveCfg = Release|Any CPU
		{E91F9D32-C01B-4D69-A95E-5E9D9C4BB091}.Release|Any CPU.Build.0 = Release|Any CPU
	EndGlobalSection
	GlobalSection(SolutionProperties) = preSolution
		HideSolutionNode = FALSE
	EndGlobalSection
	GlobalSection(ExtensibilityGlobals) = postSolution
		SolutionGuid = {A71F19A4-AE2E-4DCD-A58D-F95788602C1A}
	EndGlobalSection
EndGlobal
